<?xml version="1.0" encoding="utf-8"?>
<Project ToolsVersion="4.0" xmlns="http://schemas.microsoft.com/developer/msbuild/2003">
  <ItemGroup>
    <Filter Include="소스 파일">
      <UniqueIdentifier>{4FC737F1-C7A5-4376-A066-2A32D752A2FF}</UniqueIdentifier>
      <Extensions>cpp;c;cc;cxx;c++;cppm;ixx;def;odl;idl;hpj;bat;asm;asmx</Extensions>
    </Filter>
    <Filter Include="헤더 파일">
      <UniqueIdentifier>{93995380-89BD-4b04-88EB-625FBE52EBFB}</UniqueIdentifier>
      <Extensions>h;hh;hpp;hxx;h++;hm;inl;inc;ipp;xsd</Extensions>
    </Filter>
    <Filter Include="리소스 파일">
      <UniqueIdentifier>{67DA6AB6-F800-4c08-8B7A-83BB121AAD01}</UniqueIdentifier>
      <Extensions>rc;ico;cur;bmp;dlg;rc2;rct;bin;rgs;gif;jpg;jpeg;jpe;resx;tiff;tif;png;wav;mfcribbon-ms</Extensions>
    </Filter>
    <Filter Include="소스 파일\Util">
      <UniqueIdentifier>{6e91cba2-b8c9-463f-a450-7fd36a074000}</UniqueIdentifier>
    </Filter>
    <Filter Include="소스 파일\Asset">
      <UniqueIdentifier>{fec37c22-bf91-48bb-8674-d5987370d6a6}</UniqueIdentifier>
    </Filter>
    <Filter Include="소스 파일\Scene">
      <UniqueIdentifier>{29bf0a93-8c65-4b61-be3b-0d219b461d35}</UniqueIdentifier>
    </Filter>
    <Filter Include="소스 파일\Engine">
      <UniqueIdentifier>{3f4eaa85-3919-4cfd-88bc-6e3bfa595d96}</UniqueIdentifier>
    </Filter>
    <Filter Include="소스 파일\Engine\Core">
      <UniqueIdentifier>{a9a9040e-491f-45fe-965e-576afe2d96dc}</UniqueIdentifier>
    </Filter>
    <Filter Include="소스 파일\Engine\Manager">
      <UniqueIdentifier>{a8d65f76-ac01-499c-a8c4-ab00ea33148b}</UniqueIdentifier>
    </Filter>
    <Filter Include="소스 파일\GameObject">
      <UniqueIdentifier>{cd5e6a40-5c5b-45b7-8713-7c37c106e3c0}</UniqueIdentifier>
    </Filter>
    <Filter Include="소스 파일\Engine\Component">
      <UniqueIdentifier>{b63ad7ed-f0e8-4e59-addc-72392225a2fc}</UniqueIdentifier>
    </Filter>
  </ItemGroup>
  <ItemGroup>
    <ClInclude Include="targetver.h">
      <Filter>헤더 파일</Filter>
    </ClInclude>
    <ClInclude Include="Resource.h">
      <Filter>헤더 파일</Filter>
    </ClInclude>
    <ClInclude Include="WinAPI.h">
      <Filter>헤더 파일</Filter>
    </ClInclude>
    <ClInclude Include="CCore.h">
      <Filter>소스 파일\Engine\Core</Filter>
    </ClInclude>
    <ClInclude Include="SingleTon.h">
      <Filter>소스 파일\Util</Filter>
    </ClInclude>
    <ClInclude Include="CInputManager.h">
      <Filter>소스 파일\Engine\Manager</Filter>
    </ClInclude>
    <ClInclude Include="CRenderManager.h">
      <Filter>소스 파일\Engine\Manager</Filter>
    </ClInclude>
    <ClInclude Include="CTimeManager.h">
      <Filter>소스 파일\Engine\Manager</Filter>
    </ClInclude>
    <ClInclude Include="Struct.h">
      <Filter>소스 파일\Util</Filter>
    </ClInclude>
    <ClInclude Include="CScene.h">
      <Filter>소스 파일\Asset</Filter>
    </ClInclude>
    <ClInclude Include="CSceneManager.h">
      <Filter>소스 파일\Engine\Manager</Filter>
    </ClInclude>
    <ClInclude Include="CSceneTitle.h">
      <Filter>소스 파일\Scene</Filter>
    </ClInclude>
    <ClInclude Include="CSceneStage01.h">
      <Filter>소스 파일\Scene</Filter>
    </ClInclude>
    <ClInclude Include="CGameObject.h">
      <Filter>소스 파일\Asset</Filter>
    </ClInclude>
    <ClInclude Include="CPlayer.h">
      <Filter>소스 파일\GameObject</Filter>
    </ClInclude>
    <ClInclude Include="CMissile.h">
      <Filter>소스 파일\GameObject</Filter>
    </ClInclude>
    <ClInclude Include="framework.h">
      <Filter>헤더 파일</Filter>
    </ClInclude>
    <ClInclude Include="Logger.h">
      <Filter>소스 파일\Util</Filter>
    </ClInclude>
    <ClInclude Include="CEventManager.h">
      <Filter>소스 파일\Engine\Manager</Filter>
    </ClInclude>
    <ClInclude Include="CCollisionManager.h">
      <Filter>소스 파일\Engine\Manager</Filter>
    </ClInclude>
    <ClInclude Include="CCollider.h">
      <Filter>소스 파일\Engine\Component</Filter>
    </ClInclude>
    <ClInclude Include="CComponent.h">
      <Filter>소스 파일\Engine\Component</Filter>
    </ClInclude>
    <ClInclude Include="CMonster.h">
      <Filter>소스 파일\GameObject</Filter>
    </ClInclude>
  </ItemGroup>
  <ItemGroup>
    <ClCompile Include="WinAPI.cpp">
      <Filter>소스 파일</Filter>
    </ClCompile>
    <ClCompile Include="CCore.cpp">
      <Filter>소스 파일\Engine\Core</Filter>
    </ClCompile>
    <ClCompile Include="CInputManager.cpp">
      <Filter>소스 파일\Engine\Manager</Filter>
    </ClCompile>
    <ClCompile Include="CRenderManager.cpp">
      <Filter>소스 파일\Engine\Manager</Filter>
    </ClCompile>
    <ClCompile Include="CTimeManager.cpp">
      <Filter>소스 파일\Engine\Manager</Filter>
    </ClCompile>
    <ClCompile Include="CScene.cpp">
      <Filter>소스 파일\Asset</Filter>
    </ClCompile>
    <ClCompile Include="CSceneManager.cpp">
      <Filter>소스 파일\Engine\Manager</Filter>
    </ClCompile>
    <ClCompile Include="CSceneTitle.cpp">
      <Filter>소스 파일\Scene</Filter>
    </ClCompile>
    <ClCompile Include="CSceneStage01.cpp">
      <Filter>소스 파일\Scene</Filter>
    </ClCompile>
    <ClCompile Include="CGameObject.cpp">
      <Filter>소스 파일\Asset</Filter>
    </ClCompile>
    <ClCompile Include="CPlayer.cpp">
      <Filter>소스 파일\GameObject</Filter>
    </ClCompile>
    <ClCompile Include="CMissile.cpp">
      <Filter>소스 파일\GameObject</Filter>
    </ClCompile>
    <ClCompile Include="CEventManager.cpp">
      <Filter>소스 파일\Engine\Manager</Filter>
    </ClCompile>
    <ClCompile Include="CCollisionManager.cpp">
      <Filter>소스 파일\Engine\Manager</Filter>
    </ClCompile>
    <ClCompile Include="CComponent.cpp">
      <Filter>소스 파일\Engine\Component</Filter>
    </ClCompile>
    <ClCompile Include="CCollider.cpp">
      <Filter>소스 파일\Engine\Component</Filter>
    </ClCompile>
    <ClCompile Include="CMonster.cpp">
      <Filter>소스 파일\GameObject</Filter>
    </ClCompile>
  </ItemGroup>
  <ItemGroup>
    <ResourceCompile Include="WindowsAPI.rc">
      <Filter>리소스 파일</Filter>
    </ResourceCompile>
  </ItemGroup>
  <ItemGroup>
    <Image Include="small.ico">
      <Filter>리소스 파일</Filter>
    </Image>
    <Image Include="WindowsAPI.ico">
      <Filter>리소스 파일</Filter>
    </Image>
  </ItemGroup>
</Project>